// !$*UTF8*$!
{
	archiveVersion = 1;
	classes = {
	};
	objectVersion = 77;
	objects = {

/* Begin PBXBuildFile section */
		022AD7662F1ED791004D771E /* RootView.swift in Sources */ = {isa = PBXBuildFile; fileRef = 022AD7652F1ED791004D771E /* RootView.swift */; };
		022AD7682F1ED815004D771E /* NotesHomeView.swift in Sources */ = {isa = PBXBuildFile; fileRef = 022AD7672F1ED815004D771E /* NotesHomeView.swift */; };
		022AD76A2F1ED857004D771E /* ImagingHomeView.swift in Sources */ = {isa = PBXBuildFile; fileRef = 022AD7692F1ED857004D771E /* ImagingHomeView.swift */; };
		022AD76C2F1ED8A2004D771E /* ImagingGenerateView.swift in Sources */ = {isa = PBXBuildFile; fileRef = 022AD76B2F1ED8A2004D771E /* ImagingGenerateView.swift */; };
		022AD76E2F1ED92A004D771E /* ImagingHistoryView.swift in Sources */ = {isa = PBXBuildFile; fileRef = 022AD76D2F1ED92A004D771E /* ImagingHistoryView.swift */; };
		022AD7702F1ED970004D771E /* ReferralsHomeView.swift in Sources */ = {isa = PBXBuildFile; fileRef = 022AD76F2F1ED970004D771E /* ReferralsHomeView.swift */; };
		022AD7722F1EDA9A004D771E /* SettingsView.swift in Sources */ = {isa = PBXBuildFile; fileRef = 022AD7712F1EDA9A004D771E /* SettingsView.swift */; };
		022AD77A2F1EE954004D771E /* README.MD in Resources */ = {isa = PBXBuildFile; fileRef = 022AD7792F1EE954004D771E /* README.MD */; };
		026FA99F2F2034AC001228BC /* NoteProblem.swift in Sources */ = {isa = PBXBuildFile; fileRef = 026FA99C2F2034AC001228BC /* NoteProblem.swift */; };
		026FA9A02F2034AC001228BC /* NoteIntervention.swift in Sources */ = {isa = PBXBuildFile; fileRef = 026FA9982F2034AC001228BC /* NoteIntervention.swift */; };
		026FA9A12F2034AC001228BC /* NoteAssessment.swift in Sources */ = {isa = PBXBuildFile; fileRef = 026FA9962F2034AC001228BC /* NoteAssessment.swift */; };
		026FA9A22F2034AC001228BC /* NotePlan.swift in Sources */ = {isa = PBXBuildFile; fileRef = 026FA99B2F2034AC001228BC /* NotePlan.swift */; };
		026FA9A32F2034AC001228BC /* NoteHandoff.swift in Sources */ = {isa = PBXBuildFile; fileRef = 026FA9972F2034AC001228BC /* NoteHandoff.swift */; };
		026FA9A42F2034AC001228BC /* NoteSubjective.swift in Sources */ = {isa = PBXBuildFile; fileRef = 026FA99D2F2034AC001228BC /* NoteSubjective.swift */; };
		026FA9A52F2034AC001228BC /* NoteObjective.swift in Sources */ = {isa = PBXBuildFile; fileRef = 026FA99A2F2034AC001228BC /* NoteObjective.swift */; };
		026FA9A62F2034AC001228BC /* FieldNote.swift in Sources */ = {isa = PBXBuildFile; fileRef = 026FA9952F2034AC001228BC /* FieldNote.swift */; };
		026FA9A72F2034AC001228BC /* NoteMeta.swift in Sources */ = {isa = PBXBuildFile; fileRef = 026FA9992F2034AC001228BC /* NoteMeta.swift */; };
		026FA9A82F2034AC001228BC /* NoteTriage.swift in Sources */ = {isa = PBXBuildFile; fileRef = 026FA99E2F2034AC001228BC /* NoteTriage.swift */; };
		026FA9B32F203943001228BC /* Note+CoreDataClass.swift in Sources */ = {isa = PBXBuildFile; fileRef = 026FA9B12F203943001228BC /* Note+CoreDataClass.swift */; };
		026FA9B42F203943001228BC /* Note+CoreDataProperties.swift in Sources */ = {isa = PBXBuildFile; fileRef = 026FA9B22F203943001228BC /* Note+CoreDataProperties.swift */; };
		08AB676E9D11323EE3C24765 /* FindingsValidator.swift in Sources */ = {isa = PBXBuildFile; fileRef = 0A4FD5959A160A596A5F390A /* FindingsValidator.swift */; };
		137A7D8B41B35CE1A6AA07AB /* NoteAddendum+CoreDataClass.swift in Sources */ = {isa = PBXBuildFile; fileRef = 2B06EE87C4BC35D52B6DFE82 /* NoteAddendum+CoreDataClass.swift */; };
		41B729B392F7559C7D71C9FC /* TextSanitizer.swift in Sources */ = {isa = PBXBuildFile; fileRef = 0DDE81485BAEFF6C7F8020DF /* TextSanitizer.swift */; };
		557A8DB7713DBD3083A6351F /* ImagingFindingsSummary.swift in Sources */ = {isa = PBXBuildFile; fileRef = 9A8EE4D08CD515CCA250F3F7 /* ImagingFindingsSummary.swift */; };
		5646201F1622A1BBBD414767 /* ImagingModelProtocol.swift in Sources */ = {isa = PBXBuildFile; fileRef = 5068F406A5B495B7F39BCECE /* ImagingModelProtocol.swift */; };
		5A555A27ED8F9B758B7B9E3D /* Referral+CoreDataClass.swift in Sources */ = {isa = PBXBuildFile; fileRef = 439664C5284D158F9A21A0D7 /* Referral+CoreDataClass.swift */; };
		62AD69B003827713330B056C /* Finding+CoreDataProperties.swift in Sources */ = {isa = PBXBuildFile; fileRef = 46D5BFD5D672CBF9647F85C4 /* Finding+CoreDataProperties.swift */; };
		62E0D97EF8D6EB9F702C4F74 /* FindingsValidationError.swift in Sources */ = {isa = PBXBuildFile; fileRef = 41927F759BFD5E6FE051A08D /* FindingsValidationError.swift */; };
		94DC2980FD1B65F1AA926404 /* AnatomicalObservations.swift in Sources */ = {isa = PBXBuildFile; fileRef = 0152C577A8AF7025A06A6BEF /* AnatomicalObservations.swift */; };
		9C0F00EE436A08D86DFE2BA9 /* NoteAddendum+CoreDataProperties.swift in Sources */ = {isa = PBXBuildFile; fileRef = B926090DA2B90CDEC028343C /* NoteAddendum+CoreDataProperties.swift */; };
		A1B2C3D4E5F6G7H8I9J0K1L2 /* LabsHomeView.swift in Sources */ = {isa = PBXBuildFile; fileRef = L2K1J0I9H8G7F6E5D4C3B2A1 /* LabsHomeView.swift */; };
		B2C3D4E5F6G7H8I9J0K1L2M3 /* LabsCameraView.swift in Sources */ = {isa = PBXBuildFile; fileRef = M3L2K1J0I9H8G7F6E5D4C3B2 /* LabsCameraView.swift */; };
		B2C60A63226675537447E87F /* Referral+CoreDataProperties.swift in Sources */ = {isa = PBXBuildFile; fileRef = BD98E5A450FEA2880A43D12E /* Referral+CoreDataProperties.swift */; };
		B8B5CDEA15CD48F89A8E1BC2 /* MedGemmaModel.swift in Sources */ = {isa = PBXBuildFile; fileRef = 9F405F4AAA7843FFA21CA909 /* MedGemmaModel.swift */; };
		C3D4E5F6G7H8I9J0K1L2M3N4 /* LabsHistoryView.swift in Sources */ = {isa = PBXBuildFile; fileRef = N4M3L2K1J0I9H8G7F6E5D4C3 /* LabsHistoryView.swift */; };
		CA2368C5B5CCE6EDC5A6E24A /* Finding+CoreDataClass.swift in Sources */ = {isa = PBXBuildFile; fileRef = 55A12A1E29C0EA1A7D5BDA65 /* Finding+CoreDataClass.swift */; };
		D4E5F6G7H8I9J0K1L2M3N4O5 /* LabsProcessView.swift in Sources */ = {isa = PBXBuildFile; fileRef = O5N4M3L2K1J0I9H8G7F6E5D4 /* LabsProcessView.swift */; };
		E5F6G7H8I9J0K1L2M3N4O5P6 /* LabResult.swift in Sources */ = {isa = PBXBuildFile; fileRef = P6O5N4M3L2K1J0I9H8G7F6E5 /* LabResult.swift */; };
		F6G7H8I9J0K1L2M3N4O5P6Q7 /* LabValidationError.swift in Sources */ = {isa = PBXBuildFile; fileRef = Q7P6O5N4M3L2K1J0I9H8G7F6 /* LabValidationError.swift */; };
		FE228B40F3B40D9BC490BF92 /* ImagingModelManager.swift in Sources */ = {isa = PBXBuildFile; fileRef = 0C71C7FD89938FA7D333F195 /* ImagingModelManager.swift */; };
		FF5CA30802AD9CBEBB1FB731 /* PlaceholderImagingModel.swift in Sources */ = {isa = PBXBuildFile; fileRef = 27D2058574E80D2A27786BC7 /* PlaceholderImagingModel.swift */; };
		G7H8I9J0K1L2M3N4O5P6Q7R8 /* LabResultsValidator.swift in Sources */ = {isa = PBXBuildFile; fileRef = R8Q7P6O5N4M3L2K1J0I9H8G7 /* LabResultsValidator.swift */; };
		H8I9J0K1L2M3N4O5P6Q7R8S9 /* DocumentType.swift in Sources */ = {isa = PBXBuildFile; fileRef = S9R8Q7P6O5N4M3L2K1J0I9H8 /* DocumentType.swift */; };
		MEDGEMMA001BLD0000000001 /* medgemma-1.5-4b-it-Q4_K_M.gguf in Resources */ = {isa = PBXBuildFile; fileRef = MEDGEMMA001REF0000000001 /* medgemma-1.5-4b-it-Q4_K_M.gguf */; };
		MEDGEMMA002BLD0000000002 /* medgemma-1.5-4b-it.mmproj-Q8_0.gguf in Resources */ = {isa = PBXBuildFile; fileRef = MEDGEMMA002REF0000000002 /* medgemma-1.5-4b-it.mmproj-Q8_0.gguf */; };
		NOTES001BUILD00000000001 /* NoteEditorView.swift in Sources */ = {isa = PBXBuildFile; fileRef = NOTES001REF00000000001 /* NoteEditorView.swift */; };
		NOTES002BUILD00000000002 /* NoteDetailView.swift in Sources */ = {isa = PBXBuildFile; fileRef = NOTES002REF00000000002 /* NoteDetailView.swift */; };
		NOTES003BUILD00000000003 /* SBARView.swift in Sources */ = {isa = PBXBuildFile; fileRef = NOTES003REF00000000003 /* SBARView.swift */; };
		NOTES004BUILD00000000004 /* FieldOptimizedVitalsView.swift in Sources */ = {isa = PBXBuildFile; fileRef = NOTES004REF00000000004 /* FieldOptimizedVitalsView.swift */; };
		NOTES005BUILD00000000005 /* OrganSystemExamInput.swift in Sources */ = {isa = PBXBuildFile; fileRef = NOTES005REF00000000005 /* OrganSystemExamInput.swift */; };
		SEC001ENC2024010100000001 /* EncryptionService.swift in Sources */ = {isa = PBXBuildFile; fileRef = SEC001REF2024010100000001 /* EncryptionService.swift */; };
		SEC002KEY2024010100000002 /* KeychainManager.swift in Sources */ = {isa = PBXBuildFile; fileRef = SEC002REF2024010100000002 /* KeychainManager.swift */; };
		SVC001BUILD00000000001 /* SBARGenerator.swift in Sources */ = {isa = PBXBuildFile; fileRef = SVC001REF00000000001 /* SBARGenerator.swift */; };
		UI001BUILD000000000001 /* FieldOptimizedComponents.swift in Sources */ = {isa = PBXBuildFile; fileRef = UI001REF000000000001 /* FieldOptimizedComponents.swift */; };
		REFRL001CREBUILD00001 /* ReferralCreationView.swift in Sources */ = {isa = PBXBuildFile; fileRef = REFRL001CRE0000000001 /* ReferralCreationView.swift */; };
		REFRL001DETBUILD00002 /* ReferralDetailView.swift in Sources */ = {isa = PBXBuildFile; fileRef = REFRL001DET0000000002 /* ReferralDetailView.swift */; };
		APPSET001BUILD00000001 /* AppSettings.swift in Sources */ = {isa = PBXBuildFile; fileRef = APPSET001REF0000000001 /* AppSettings.swift */; };
/* End PBXBuildFile section */

/* Begin PBXContainerItemProxy section */
		024D8CE22F1B0FB800004385 /* PBXContainerItemProxy */ = {
			isa = PBXContainerItemProxy;
			containerPortal = 024D8CC72F1B0FB700004385 /* Project object */;
			proxyType = 1;
			remoteGlobalIDString = 024D8CCE2F1B0FB700004385;
			remoteInfo = MediScribe;
		};
		024D8CEC2F1B0FB800004385 /* PBXContainerItemProxy */ = {
			isa = PBXContainerItemProxy;
			containerPortal = 024D8CC72F1B0FB700004385 /* Project object */;
			proxyType = 1;
			remoteGlobalIDString = 024D8CCE2F1B0FB700004385;
			remoteInfo = MediScribe;
		};
/* End PBXContainerItemProxy section */

/* Begin PBXFileReference section */
		0152C577A8AF7025A06A6BEF /* AnatomicalObservations.swift */ = {isa = PBXFileReference; lastKnownFileType = sourcecode.swift; path = AnatomicalObservations.swift; sourceTree = "<group>"; };
		022AD7652F1ED791004D771E /* RootView.swift */ = {isa = PBXFileReference; lastKnownFileType = sourcecode.swift; path = RootView.swift; sourceTree = "<group>"; };
		022AD7672F1ED815004D771E /* NotesHomeView.swift */ = {isa = PBXFileReference; lastKnownFileType = sourcecode.swift; path = NotesHomeView.swift; sourceTree = "<group>"; };
		022AD7692F1ED857004D771E /* ImagingHomeView.swift */ = {isa = PBXFileReference; lastKnownFileType = sourcecode.swift; path = ImagingHomeView.swift; sourceTree = "<group>"; };
		022AD76B2F1ED8A2004D771E /* ImagingGenerateView.swift */ = {isa = PBXFileReference; lastKnownFileType = sourcecode.swift; path = ImagingGenerateView.swift; sourceTree = "<group>"; };
		022AD76D2F1ED92A004D771E /* ImagingHistoryView.swift */ = {isa = PBXFileReference; lastKnownFileType = sourcecode.swift; path = ImagingHistoryView.swift; sourceTree = "<group>"; };
		022AD76F2F1ED970004D771E /* ReferralsHomeView.swift */ = {isa = PBXFileReference; lastKnownFileType = sourcecode.swift; path = ReferralsHomeView.swift; sourceTree = "<group>"; };
		022AD7712F1EDA9A004D771E /* SettingsView.swift */ = {isa = PBXFileReference; lastKnownFileType = sourcecode.swift; path = SettingsView.swift; sourceTree = "<group>"; };
		022AD7792F1EE954004D771E /* README.MD */ = {isa = PBXFileReference; lastKnownFileType = net.daringfireball.markdown; path = README.MD; sourceTree = "<group>"; };
		022AD77B2F1EEABE004D771E /* CLINICAL_OVERVIEW.MD */ = {isa = PBXFileReference; lastKnownFileType = net.daringfireball.markdown; path = CLINICAL_OVERVIEW.MD; sourceTree = "<group>"; };
		024D8CCF2F1B0FB700004385 /* MediScribe.app */ = {isa = PBXFileReference; explicitFileType = wrapper.application; includeInIndex = 0; path = MediScribe.app; sourceTree = BUILT_PRODUCTS_DIR; };
		024D8CE12F1B0FB800004385 /* MediScribeTests.xctest */ = {isa = PBXFileReference; explicitFileType = wrapper.cfbundle; includeInIndex = 0; path = MediScribeTests.xctest; sourceTree = BUILT_PRODUCTS_DIR; };
		024D8CEB2F1B0FB800004385 /* MediScribeUITests.xctest */ = {isa = PBXFileReference; explicitFileType = wrapper.cfbundle; includeInIndex = 0; path = MediScribeUITests.xctest; sourceTree = BUILT_PRODUCTS_DIR; };
		026FA9952F2034AC001228BC /* FieldNote.swift */ = {isa = PBXFileReference; lastKnownFileType = sourcecode.swift; path = FieldNote.swift; sourceTree = "<group>"; };
		026FA9962F2034AC001228BC /* NoteAssessment.swift */ = {isa = PBXFileReference; lastKnownFileType = sourcecode.swift; path = NoteAssessment.swift; sourceTree = "<group>"; };
		026FA9972F2034AC001228BC /* NoteHandoff.swift */ = {isa = PBXFileReference; lastKnownFileType = sourcecode.swift; path = NoteHandoff.swift; sourceTree = "<group>"; };
		026FA9982F2034AC001228BC /* NoteIntervention.swift */ = {isa = PBXFileReference; lastKnownFileType = sourcecode.swift; path = NoteIntervention.swift; sourceTree = "<group>"; };
		026FA9992F2034AC001228BC /* NoteMeta.swift */ = {isa = PBXFileReference; lastKnownFileType = sourcecode.swift; path = NoteMeta.swift; sourceTree = "<group>"; };
		026FA99A2F2034AC001228BC /* NoteObjective.swift */ = {isa = PBXFileReference; lastKnownFileType = sourcecode.swift; path = NoteObjective.swift; sourceTree = "<group>"; };
		026FA99B2F2034AC001228BC /* NotePlan.swift */ = {isa = PBXFileReference; lastKnownFileType = sourcecode.swift; path = NotePlan.swift; sourceTree = "<group>"; };
		026FA99C2F2034AC001228BC /* NoteProblem.swift */ = {isa = PBXFileReference; lastKnownFileType = sourcecode.swift; path = NoteProblem.swift; sourceTree = "<group>"; };
		026FA99D2F2034AC001228BC /* NoteSubjective.swift */ = {isa = PBXFileReference; lastKnownFileType = sourcecode.swift; path = NoteSubjective.swift; sourceTree = "<group>"; };
		026FA99E2F2034AC001228BC /* NoteTriage.swift */ = {isa = PBXFileReference; lastKnownFileType = sourcecode.swift; path = NoteTriage.swift; sourceTree = "<group>"; };
		026FA9B12F203943001228BC /* Note+CoreDataClass.swift */ = {isa = PBXFileReference; lastKnownFileType = sourcecode.swift; name = "Note+CoreDataClass.swift"; path = "Domain/Models/CoreData/Note+CoreDataClass.swift"; sourceTree = "<group>"; };
		026FA9B22F203943001228BC /* Note+CoreDataProperties.swift */ = {isa = PBXFileReference; lastKnownFileType = sourcecode.swift; name = "Note+CoreDataProperties.swift"; path = "Domain/Models/CoreData/Note+CoreDataProperties.swift"; sourceTree = "<group>"; };
		050375340703414581755062 /* MediScribe.xcconfig */ = {isa = PBXFileReference; lastKnownFileType = text.xcconfig; path = MediScribe.xcconfig; sourceTree = "<group>"; };
		0A4FD5959A160A596A5F390A /* FindingsValidator.swift */ = {isa = PBXFileReference; lastKnownFileType = sourcecode.swift; path = FindingsValidator.swift; sourceTree = "<group>"; };
		0C71C7FD89938FA7D333F195 /* ImagingModelManager.swift */ = {isa = PBXFileReference; lastKnownFileType = sourcecode.swift; path = ImagingModelManager.swift; sourceTree = "<group>"; };
		0DDE81485BAEFF6C7F8020DF /* TextSanitizer.swift */ = {isa = PBXFileReference; lastKnownFileType = sourcecode.swift; path = TextSanitizer.swift; sourceTree = "<group>"; };
		27D2058574E80D2A27786BC7 /* PlaceholderImagingModel.swift */ = {isa = PBXFileReference; lastKnownFileType = sourcecode.swift; path = PlaceholderImagingModel.swift; sourceTree = "<group>"; };
		2B06EE87C4BC35D52B6DFE82 /* NoteAddendum+CoreDataClass.swift */ = {isa = PBXFileReference; includeInIndex = 1; lastKnownFileType = sourcecode.swift; path = "NoteAddendum+CoreDataClass.swift"; sourceTree = "<group>"; };
		41927F759BFD5E6FE051A08D /* FindingsValidationError.swift */ = {isa = PBXFileReference; lastKnownFileType = sourcecode.swift; path = FindingsValidationError.swift; sourceTree = "<group>"; };
		439664C5284D158F9A21A0D7 /* Referral+CoreDataClass.swift */ = {isa = PBXFileReference; includeInIndex = 1; lastKnownFileType = sourcecode.swift; path = "Referral+CoreDataClass.swift"; sourceTree = "<group>"; };
		46D5BFD5D672CBF9647F85C4 /* Finding+CoreDataProperties.swift */ = {isa = PBXFileReference; includeInIndex = 1; lastKnownFileType = sourcecode.swift; path = "Finding+CoreDataProperties.swift"; sourceTree = "<group>"; };
		5068F406A5B495B7F39BCECE /* ImagingModelProtocol.swift */ = {isa = PBXFileReference; lastKnownFileType = sourcecode.swift; path = ImagingModelProtocol.swift; sourceTree = "<group>"; };
		55A12A1E29C0EA1A7D5BDA65 /* Finding+CoreDataClass.swift */ = {isa = PBXFileReference; includeInIndex = 1; lastKnownFileType = sourcecode.swift; path = "Finding+CoreDataClass.swift"; sourceTree = "<group>"; };
		9A8EE4D08CD515CCA250F3F7 /* ImagingFindingsSummary.swift */ = {isa = PBXFileReference; lastKnownFileType = sourcecode.swift; path = ImagingFindingsSummary.swift; sourceTree = "<group>"; };
		9F405F4AAA7843FFA21CA909 /* MedGemmaModel.swift */ = {isa = PBXFileReference; lastKnownFileType = sourcecode.swift; path = MedGemmaModel.swift; sourceTree = "<group>"; };
		B926090DA2B90CDEC028343C /* NoteAddendum+CoreDataProperties.swift */ = {isa = PBXFileReference; includeInIndex = 1; lastKnownFileType = sourcecode.swift; path = "NoteAddendum+CoreDataProperties.swift"; sourceTree = "<group>"; };
		BD98E5A450FEA2880A43D12E /* Referral+CoreDataProperties.swift */ = {isa = PBXFileReference; includeInIndex = 1; lastKnownFileType = sourcecode.swift; path = "Referral+CoreDataProperties.swift"; sourceTree = "<group>"; };
		L2K1J0I9H8G7F6E5D4C3B2A1 /* LabsHomeView.swift */ = {isa = PBXFileReference; lastKnownFileType = sourcecode.swift; path = LabsHomeView.swift; sourceTree = "<group>"; };
		M3L2K1J0I9H8G7F6E5D4C3B2 /* LabsCameraView.swift */ = {isa = PBXFileReference; lastKnownFileType = sourcecode.swift; path = LabsCameraView.swift; sourceTree = "<group>"; };
		MEDGEMMA001REF0000000001 /* medgemma-1.5-4b-it-Q4_K_M.gguf */ = {isa = PBXFileReference; lastKnownFileType = file; name = "medgemma-1.5-4b-it-Q4_K_M.gguf"; path = "Models/MedGemma/medgemma-1.5-4b-it-Q4_K_M.gguf"; sourceTree = "<group>"; };
		MEDGEMMA002REF0000000002 /* medgemma-1.5-4b-it.mmproj-Q8_0.gguf */ = {isa = PBXFileReference; lastKnownFileType = file; name = "medgemma-1.5-4b-it.mmproj-Q8_0.gguf"; path = "Models/MedGemma/medgemma-1.5-4b-it.mmproj-Q8_0.gguf"; sourceTree = "<group>"; };
		N4M3L2K1J0I9H8G7F6E5D4C3 /* LabsHistoryView.swift */ = {isa = PBXFileReference; lastKnownFileType = sourcecode.swift; path = LabsHistoryView.swift; sourceTree = "<group>"; };
		NOTES001REF00000000001 /* NoteEditorView.swift */ = {isa = PBXFileReference; lastKnownFileType = sourcecode.swift; path = NoteEditorView.swift; sourceTree = "<group>"; };
		NOTES002REF00000000002 /* NoteDetailView.swift */ = {isa = PBXFileReference; lastKnownFileType = sourcecode.swift; path = NoteDetailView.swift; sourceTree = "<group>"; };
		NOTES003REF00000000003 /* SBARView.swift */ = {isa = PBXFileReference; lastKnownFileType = sourcecode.swift; path = SBARView.swift; sourceTree = "<group>"; };
		NOTES004REF00000000004 /* FieldOptimizedVitalsView.swift */ = {isa = PBXFileReference; lastKnownFileType = sourcecode.swift; path = FieldOptimizedVitalsView.swift; sourceTree = "<group>"; };
		NOTES005REF00000000005 /* OrganSystemExamInput.swift */ = {isa = PBXFileReference; lastKnownFileType = sourcecode.swift; path = OrganSystemExamInput.swift; sourceTree = "<group>"; };
		O5N4M3L2K1J0I9H8G7F6E5D4 /* LabsProcessView.swift */ = {isa = PBXFileReference; lastKnownFileType = sourcecode.swift; path = LabsProcessView.swift; sourceTree = "<group>"; };
		P6O5N4M3L2K1J0I9H8G7F6E5 /* LabResult.swift */ = {isa = PBXFileReference; lastKnownFileType = sourcecode.swift; path = LabResult.swift; sourceTree = "<group>"; };
		Q7P6O5N4M3L2K1J0I9H8G7F6 /* LabValidationError.swift */ = {isa = PBXFileReference; lastKnownFileType = sourcecode.swift; path = LabValidationError.swift; sourceTree = "<group>"; };
		R8Q7P6O5N4M3L2K1J0I9H8G7 /* LabResultsValidator.swift */ = {isa = PBXFileReference; lastKnownFileType = sourcecode.swift; path = LabResultsValidator.swift; sourceTree = "<group>"; };
		S9R8Q7P6O5N4M3L2K1J0I9H8 /* DocumentType.swift */ = {isa = PBXFileReference; lastKnownFileType = sourcecode.swift; path = DocumentType.swift; sourceTree = "<group>"; };
		SEC001REF2024010100000001 /* EncryptionService.swift */ = {isa = PBXFileReference; lastKnownFileType = sourcecode.swift; path = EncryptionService.swift; sourceTree = "<group>"; };
		SEC002REF2024010100000002 /* KeychainManager.swift */ = {isa = PBXFileReference; lastKnownFileType = sourcecode.swift; path = KeychainManager.swift; sourceTree = "<group>"; };
		SVC001REF00000000001 /* SBARGenerator.swift */ = {isa = PBXFileReference; lastKnownFileType = sourcecode.swift; path = SBARGenerator.swift; sourceTree = "<group>"; };
		UI001REF000000000001 /* FieldOptimizedComponents.swift */ = {isa = PBXFileReference; lastKnownFileType = sourcecode.swift; path = FieldOptimizedComponents.swift; sourceTree = "<group>"; };
		REFRL001CRE0000000001 /* ReferralCreationView.swift */ = {isa = PBXFileReference; lastKnownFileType = sourcecode.swift; path = Features/Referrals/ReferralCreationView.swift; sourceTree = "<group>"; };
		REFRL001DET0000000002 /* ReferralDetailView.swift */ = {isa = PBXFileReference; lastKnownFileType = sourcecode.swift; path = Features/Referrals/ReferralDetailView.swift; sourceTree = "<group>"; };
		APPSET001REF0000000001 /* AppSettings.swift */ = {isa = PBXFileReference; lastKnownFileType = sourcecode.swift; path = Domain/Models/AppSettings.swift; sourceTree = "<group>"; };
/* End PBXFileReference section */

/* Begin PBXFileSystemSynchronizedRootGroup section */
		024D8CD12F1B0FB700004385 /* MediScribe */ = {
			isa = PBXFileSystemSynchronizedRootGroup;
			exceptions = (
			);
			path = MediScribe;
			sourceTree = "<group>";
		};
		024D8CE42F1B0FB800004385 /* MediScribeTests */ = {
			isa = PBXFileSystemSynchronizedRootGroup;
			exceptions = (
			);
			path = MediScribeTests;
			sourceTree = "<group>";
		};
		024D8CEE2F1B0FB800004385 /* MediScribeUITests */ = {
			isa = PBXFileSystemSynchronizedRootGroup;
			exceptions = (
			);
			path = MediScribeUITests;
			sourceTree = "<group>";
		};
/* End PBXFileSystemSynchronizedRootGroup section */

/* Begin PBXFrameworksBuildPhase section */
		024D8CCC2F1B0FB700004385 /* Frameworks */ = {
			isa = PBXFrameworksBuildPhase;
			buildActionMask = 2147483647;
			files = (
			);
			runOnlyForDeploymentPostprocessing = 0;
		};
		024D8CDE2F1B0FB800004385 /* Frameworks */ = {
			isa = PBXFrameworksBuildPhase;
			buildActionMask = 2147483647;
			files = (
			);
			runOnlyForDeploymentPostprocessing = 0;
		};
		024D8CE82F1B0FB800004385 /* Frameworks */ = {
			isa = PBXFrameworksBuildPhase;
			buildActionMask = 2147483647;
			files = (
			);
			runOnlyForDeploymentPostprocessing = 0;
		};
/* End PBXFrameworksBuildPhase section */

/* Begin PBXGroup section */
		022AD75C2F1ED654004D771E /* UI */ = {
			isa = PBXGroup;
			children = (
				022AD7652F1ED791004D771E /* RootView.swift */,
				022AD7712F1EDA9A004D771E /* SettingsView.swift */,
				UI001REF000000000001 /* FieldOptimizedComponents.swift */,
			);
			path = UI;
			sourceTree = "<group>";
		};
		022AD75D2F1ED666004D771E /* Features */ = {
			isa = PBXGroup;
			children = (
				022AD7602F1ED699004D771E /* Referrals */,
				022AD75F2F1ED685004D771E /* Notes */,
				022AD75E2F1ED67B004D771E /* Imaging */,
				T9U0V1W2X3Y4Z5A6B7C8D9E0 /* Labs */,
			);
			path = Features;
			sourceTree = "<group>";
		};
		022AD75E2F1ED67B004D771E /* Imaging */ = {
			isa = PBXGroup;
			children = (
				022AD7692F1ED857004D771E /* ImagingHomeView.swift */,
				022AD76D2F1ED92A004D771E /* ImagingHistoryView.swift */,
				022AD76B2F1ED8A2004D771E /* ImagingGenerateView.swift */,
			);
			path = Imaging;
			sourceTree = "<group>";
		};
		022AD75F2F1ED685004D771E /* Notes */ = {
			isa = PBXGroup;
			children = (
				022AD7672F1ED815004D771E /* NotesHomeView.swift */,
				NOTES001REF00000000001 /* NoteEditorView.swift */,
				NOTES002REF00000000002 /* NoteDetailView.swift */,
				NOTES003REF00000000003 /* SBARView.swift */,
				NOTES004REF00000000004 /* FieldOptimizedVitalsView.swift */,
				NOTES005REF00000000005 /* OrganSystemExamInput.swift */,
			);
			path = Notes;
			sourceTree = "<group>";
		};
		022AD7602F1ED699004D771E /* Referrals */ = {
			isa = PBXGroup;
			children = (
				022AD76F2F1ED970004D771E /* ReferralsHomeView.swift */,
			);
			path = Referrals;
			sourceTree = "<group>";
		};
		022AD7612F1ED6D2004D771E /* Domain */ = {
			isa = PBXGroup;
			children = (
				E35421949957371D00D64AE2 /* ML */,
				EF26827332131A1EC61CAEB1 /* Validators */,
				D91531D70E2FB2253EAD92CF /* Models */,
				SEC003GRP2024010100000003 /* Security */,
				SVC002GRP2024010100000002 /* Services */,
			);
			path = Domain;
			sourceTree = "<group>";
		};
		024D8CC62F1B0FB700004385 = {
			isa = PBXGroup;
			children = (
				026FA9B12F203943001228BC /* Note+CoreDataClass.swift */,
				026FA9B22F203943001228BC /* Note+CoreDataProperties.swift */,
				022AD77B2F1EEABE004D771E /* CLINICAL_OVERVIEW.MD */,
				022AD7792F1EE954004D771E /* README.MD */,
				MEDGEMMA001REF0000000001 /* medgemma-1.5-4b-it-Q4_K_M.gguf */,
				MEDGEMMA002REF0000000002 /* medgemma-1.5-4b-it.mmproj-Q8_0.gguf */,
				022AD7612F1ED6D2004D771E /* Domain */,
				022AD75D2F1ED666004D771E /* Features */,
				022AD75C2F1ED654004D771E /* UI */,
				024D8CD12F1B0FB700004385 /* MediScribe */,
				024D8CE42F1B0FB800004385 /* MediScribeTests */,
				024D8CEE2F1B0FB800004385 /* MediScribeUITests */,
				024D8CD02F1B0FB700004385 /* Products */,
				026FA9752F2032E4001228BC /* Recovered References */,
			);
			sourceTree = "<group>";
		};
		024D8CD02F1B0FB700004385 /* Products */ = {
			isa = PBXGroup;
			children = (
				024D8CCF2F1B0FB700004385 /* MediScribe.app */,
				024D8CE12F1B0FB800004385 /* MediScribeTests.xctest */,
				024D8CEB2F1B0FB800004385 /* MediScribeUITests.xctest */,
			);
			name = Products;
			sourceTree = "<group>";
		};
		026FA9752F2032E4001228BC /* Recovered References */ = {
			isa = PBXGroup;
			children = (
				050375340703414581755062 /* MediScribe.xcconfig */,
			);
			name = "Recovered References";
			sourceTree = "<group>";
		};
		4EC2BE1220AC61B7B3725C83 /* CoreData */ = {
			isa = PBXGroup;
			children = (
				55A12A1E29C0EA1A7D5BDA65 /* Finding+CoreDataClass.swift */,
				46D5BFD5D672CBF9647F85C4 /* Finding+CoreDataProperties.swift */,
				2B06EE87C4BC35D52B6DFE82 /* NoteAddendum+CoreDataClass.swift */,
				B926090DA2B90CDEC028343C /* NoteAddendum+CoreDataProperties.swift */,
				439664C5284D158F9A21A0D7 /* Referral+CoreDataClass.swift */,
				BD98E5A450FEA2880A43D12E /* Referral+CoreDataProperties.swift */,
			);
			name = CoreData;
			path = CoreData;
			sourceTree = "<group>";
		};
		D91531D70E2FB2253EAD92CF /* Models */ = {
			isa = PBXGroup;
			children = (
				026FA9952F2034AC001228BC /* FieldNote.swift */,
				026FA9962F2034AC001228BC /* NoteAssessment.swift */,
				026FA9972F2034AC001228BC /* NoteHandoff.swift */,
				026FA9982F2034AC001228BC /* NoteIntervention.swift */,
				026FA9992F2034AC001228BC /* NoteMeta.swift */,
				026FA99A2F2034AC001228BC /* NoteObjective.swift */,
				026FA99B2F2034AC001228BC /* NotePlan.swift */,
				026FA99C2F2034AC001228BC /* NoteProblem.swift */,
				026FA99D2F2034AC001228BC /* NoteSubjective.swift */,
				026FA99E2F2034AC001228BC /* NoteTriage.swift */,
				9A8EE4D08CD515CCA250F3F7 /* ImagingFindingsSummary.swift */,
				0152C577A8AF7025A06A6BEF /* AnatomicalObservations.swift */,
				41927F759BFD5E6FE051A08D /* FindingsValidationError.swift */,
				P6O5N4M3L2K1J0I9H8G7F6E5 /* LabResult.swift */,
				Q7P6O5N4M3L2K1J0I9H8G7F6 /* LabValidationError.swift */,
				4EC2BE1220AC61B7B3725C83 /* CoreData */,
			);
			path = Models;
			sourceTree = "<group>";
		};
		E35421949957371D00D64AE2 /* ML */ = {
			isa = PBXGroup;
			children = (
				5068F406A5B495B7F39BCECE /* ImagingModelProtocol.swift */,
				27D2058574E80D2A27786BC7 /* PlaceholderImagingModel.swift */,
				9F405F4AAA7843FFA21CA909 /* MedGemmaModel.swift */,
				0C71C7FD89938FA7D333F195 /* ImagingModelManager.swift */,
				S9R8Q7P6O5N4M3L2K1J0I9H8 /* DocumentType.swift */,
			);
			path = ML;
			sourceTree = "<group>";
		};
		EF26827332131A1EC61CAEB1 /* Validators */ = {
			isa = PBXGroup;
			children = (
				0A4FD5959A160A596A5F390A /* FindingsValidator.swift */,
				0DDE81485BAEFF6C7F8020DF /* TextSanitizer.swift */,
				R8Q7P6O5N4M3L2K1J0I9H8G7 /* LabResultsValidator.swift */,
			);
			path = Validators;
			sourceTree = "<group>";
		};
		SEC003GRP2024010100000003 /* Security */ = {
			isa = PBXGroup;
			children = (
				SEC001REF2024010100000001 /* EncryptionService.swift */,
				SEC002REF2024010100000002 /* KeychainManager.swift */,
			);
			path = Security;
			sourceTree = "<group>";
		};
		SVC002GRP2024010100000002 /* Services */ = {
			isa = PBXGroup;
			children = (
				SVC001REF00000000001 /* SBARGenerator.swift */,
			);
			path = Services;
			sourceTree = "<group>";
		};
		T9U0V1W2X3Y4Z5A6B7C8D9E0 /* Labs */ = {
			isa = PBXGroup;
			children = (
				L2K1J0I9H8G7F6E5D4C3B2A1 /* LabsHomeView.swift */,
				M3L2K1J0I9H8G7F6E5D4C3B2 /* LabsCameraView.swift */,
				N4M3L2K1J0I9H8G7F6E5D4C3 /* LabsHistoryView.swift */,
				O5N4M3L2K1J0I9H8G7F6E5D4 /* LabsProcessView.swift */,
			);
			path = Labs;
			sourceTree = "<group>";
		};
/* End PBXGroup section */

/* Begin PBXNativeTarget section */
		024D8CCE2F1B0FB700004385 /* MediScribe */ = {
			isa = PBXNativeTarget;
			buildConfigurationList = 024D8CF52F1B0FB800004385 /* Build configuration list for PBXNativeTarget "MediScribe" */;
			buildPhases = (
				024D8CCB2F1B0FB700004385 /* Sources */,
				024D8CCC2F1B0FB700004385 /* Frameworks */,
				024D8CCD2F1B0FB700004385 /* Resources */,
			);
			buildRules = (
			);
			dependencies = (
			);
			fileSystemSynchronizedGroups = (
				024D8CD12F1B0FB700004385 /* MediScribe */,
			);
			name = MediScribe;
			productName = MediScribe;
			productReference = 024D8CCF2F1B0FB700004385 /* MediScribe.app */;
			productType = "com.apple.product-type.application";
		};
		024D8CE02F1B0FB800004385 /* MediScribeTests */ = {
			isa = PBXNativeTarget;
			buildConfigurationList = 024D8CF82F1B0FB800004385 /* Build configuration list for PBXNativeTarget "MediScribeTests" */;
			buildPhases = (
				024D8CDD2F1B0FB800004385 /* Sources */,
				024D8CDE2F1B0FB800004385 /* Frameworks */,
				024D8CDF2F1B0FB800004385 /* Resources */,
			);
			buildRules = (
			);
			dependencies = (
				024D8CE32F1B0FB800004385 /* PBXTargetDependency */,
			);
			fileSystemSynchronizedGroups = (
				024D8CE42F1B0FB800004385 /* MediScribeTests */,
			);
			name = MediScribeTests;
			productName = MediScribeTests;
			productReference = 024D8CE12F1B0FB800004385 /* MediScribeTests.xctest */;
			productType = "com.apple.product-type.bundle.unit-test";
		};
		024D8CEA2F1B0FB800004385 /* MediScribeUITests */ = {
			isa = PBXNativeTarget;
			buildConfigurationList = 024D8CFB2F1B0FB800004385 /* Build configuration list for PBXNativeTarget "MediScribeUITests" */;
			buildPhases = (
				024D8CE72F1B0FB800004385 /* Sources */,
				024D8CE82F1B0FB800004385 /* Frameworks */,
				024D8CE92F1B0FB800004385 /* Resources */,
			);
			buildRules = (
			);
			dependencies = (
				024D8CED2F1B0FB800004385 /* PBXTargetDependency */,
			);
			fileSystemSynchronizedGroups = (
				024D8CEE2F1B0FB800004385 /* MediScribeUITests */,
			);
			name = MediScribeUITests;
			productName = MediScribeUITests;
			productReference = 024D8CEB2F1B0FB800004385 /* MediScribeUITests.xctest */;
			productType = "com.apple.product-type.bundle.ui-testing";
		};
/* End PBXNativeTarget section */

/* Begin PBXProject section */
		024D8CC72F1B0FB700004385 /* Project object */ = {
			isa = PBXProject;
			attributes = {
				BuildIndependentTargetsInParallel = 1;
				LastSwiftUpdateCheck = 2620;
				LastUpgradeCheck = 2620;
				TargetAttributes = {
					024D8CCE2F1B0FB700004385 = {
						CreatedOnToolsVersion = 26.2;
					};
					024D8CE02F1B0FB800004385 = {
						CreatedOnToolsVersion = 26.2;
						TestTargetID = 024D8CCE2F1B0FB700004385;
					};
					024D8CEA2F1B0FB800004385 = {
						CreatedOnToolsVersion = 26.2;
						TestTargetID = 024D8CCE2F1B0FB700004385;
					};
				};
			};
			buildConfigurationList = 024D8CCA2F1B0FB700004385 /* Build configuration list for PBXProject "MediScribe" */;
			developmentRegion = en;
			hasScannedForEncodings = 0;
			knownRegions = (
				en,
				Base,
			);
			mainGroup = 024D8CC62F1B0FB700004385;
			minimizedProjectReferenceProxies = 1;
			preferredProjectObjectVersion = 77;
			productRefGroup = 024D8CD02F1B0FB700004385 /* Products */;
			projectDirPath = "";
			projectRoot = "";
			targets = (
				024D8CCE2F1B0FB700004385 /* MediScribe */,
				024D8CE02F1B0FB800004385 /* MediScribeTests */,
				024D8CEA2F1B0FB800004385 /* MediScribeUITests */,
			);
		};
/* End PBXProject section */

/* Begin PBXResourcesBuildPhase section */
		024D8CCD2F1B0FB700004385 /* Resources */ = {
			isa = PBXResourcesBuildPhase;
			buildActionMask = 2147483647;
			files = (
				022AD77A2F1EE954004D771E /* README.MD in Resources */,
				MEDGEMMA001BLD0000000001 /* medgemma-1.5-4b-it-Q4_K_M.gguf in Resources */,
				MEDGEMMA002BLD0000000002 /* medgemma-1.5-4b-it.mmproj-Q8_0.gguf in Resources */,
			);
			runOnlyForDeploymentPostprocessing = 0;
		};
		024D8CDF2F1B0FB800004385 /* Resources */ = {
			isa = PBXResourcesBuildPhase;
			buildActionMask = 2147483647;
			files = (
			);
			runOnlyForDeploymentPostprocessing = 0;
		};
		024D8CE92F1B0FB800004385 /* Resources */ = {
			isa = PBXResourcesBuildPhase;
			buildActionMask = 2147483647;
			files = (
			);
			runOnlyForDeploymentPostprocessing = 0;
		};
/* End PBXResourcesBuildPhase section */

/* Begin PBXSourcesBuildPhase section */
		024D8CCB2F1B0FB700004385 /* Sources */ = {
			isa = PBXSourcesBuildPhase;
			buildActionMask = 2147483647;
			files = (
				557A8DB7713DBD3083A6351F /* ImagingFindingsSummary.swift in Sources */,
				94DC2980FD1B65F1AA926404 /* AnatomicalObservations.swift in Sources */,
				62E0D97EF8D6EB9F702C4F74 /* FindingsValidationError.swift in Sources */,
				08AB676E9D11323EE3C24765 /* FindingsValidator.swift in Sources */,
				41B729B392F7559C7D71C9FC /* TextSanitizer.swift in Sources */,
				5646201F1622A1BBBD414767 /* ImagingModelProtocol.swift in Sources */,
				FF5CA30802AD9CBEBB1FB731 /* PlaceholderImagingModel.swift in Sources */,
				B8B5CDEA15CD48F89A8E1BC2 /* MedGemmaModel.swift in Sources */,
				FE228B40F3B40D9BC490BF92 /* ImagingModelManager.swift in Sources */,
				026FA99F2F2034AC001228BC /* NoteProblem.swift in Sources */,
				026FA9A02F2034AC001228BC /* NoteIntervention.swift in Sources */,
				026FA9A12F2034AC001228BC /* NoteAssessment.swift in Sources */,
				026FA9A22F2034AC001228BC /* NotePlan.swift in Sources */,
				026FA9A32F2034AC001228BC /* NoteHandoff.swift in Sources */,
				026FA9A42F2034AC001228BC /* NoteSubjective.swift in Sources */,
				026FA9A52F2034AC001228BC /* NoteObjective.swift in Sources */,
				026FA9A62F2034AC001228BC /* FieldNote.swift in Sources */,
				026FA9A72F2034AC001228BC /* NoteMeta.swift in Sources */,
				026FA9A82F2034AC001228BC /* NoteTriage.swift in Sources */,
				022AD7682F1ED815004D771E /* NotesHomeView.swift in Sources */,
				022AD7702F1ED970004D771E /* ReferralsHomeView.swift in Sources */,
				026FA9B32F203943001228BC /* Note+CoreDataClass.swift in Sources */,
				026FA9B42F203943001228BC /* Note+CoreDataProperties.swift in Sources */,
				022AD76E2F1ED92A004D771E /* ImagingHistoryView.swift in Sources */,
				022AD7662F1ED791004D771E /* RootView.swift in Sources */,
				022AD76C2F1ED8A2004D771E /* ImagingGenerateView.swift in Sources */,
				022AD76A2F1ED857004D771E /* ImagingHomeView.swift in Sources */,
				022AD7722F1EDA9A004D771E /* SettingsView.swift in Sources */,
				A1B2C3D4E5F6G7H8I9J0K1L2 /* LabsHomeView.swift in Sources */,
				B2C3D4E5F6G7H8I9J0K1L2M3 /* LabsCameraView.swift in Sources */,
				C3D4E5F6G7H8I9J0K1L2M3N4 /* LabsHistoryView.swift in Sources */,
				D4E5F6G7H8I9J0K1L2M3N4O5 /* LabsProcessView.swift in Sources */,
				E5F6G7H8I9J0K1L2M3N4O5P6 /* LabResult.swift in Sources */,
				F6G7H8I9J0K1L2M3N4O5P6Q7 /* LabValidationError.swift in Sources */,
				G7H8I9J0K1L2M3N4O5P6Q7R8 /* LabResultsValidator.swift in Sources */,
				H8I9J0K1L2M3N4O5P6Q7R8S9 /* DocumentType.swift in Sources */,
				SEC001ENC2024010100000001 /* EncryptionService.swift in Sources */,
				SEC002KEY2024010100000002 /* KeychainManager.swift in Sources */,
				NOTES001BUILD00000000001 /* NoteEditorView.swift in Sources */,
				NOTES002BUILD00000000002 /* NoteDetailView.swift in Sources */,
				NOTES003BUILD00000000003 /* SBARView.swift in Sources */,
				NOTES004BUILD00000000004 /* FieldOptimizedVitalsView.swift in Sources */,
				NOTES005BUILD00000000005 /* OrganSystemExamInput.swift in Sources */,
				UI001BUILD000000000001 /* FieldOptimizedComponents.swift in Sources */,
				SVC001BUILD00000000001 /* SBARGenerator.swift in Sources */,
				CA2368C5B5CCE6EDC5A6E24A /* Finding+CoreDataClass.swift in Sources */,
				62AD69B003827713330B056C /* Finding+CoreDataProperties.swift in Sources */,
				137A7D8B41B35CE1A6AA07AB /* NoteAddendum+CoreDataClass.swift in Sources */,
				9C0F00EE436A08D86DFE2BA9 /* NoteAddendum+CoreDataProperties.swift in Sources */,
				5A555A27ED8F9B758B7B9E3D /* Referral+CoreDataClass.swift in Sources */,
				B2C60A63226675537447E87F /* Referral+CoreDataProperties.swift in Sources */,

				REFRL001CREBUILD00001 /* ReferralCreationView.swift in Sources */,

				APPSET001BUILD00000001 /* AppSettings.swift in Sources */,				REFRL001DETBUILD00002 /* ReferralDetailView.swift in Sources */,			);
			runOnlyForDeploymentPostprocessing = 0;
		};
		024D8CDD2F1B0FB800004385 /* Sources */ = {
			isa = PBXSourcesBuildPhase;
			buildActionMask = 2147483647;
			files = (
			);
			runOnlyForDeploymentPostprocessing = 0;
		};
		024D8CE72F1B0FB800004385 /* Sources */ = {
			isa = PBXSourcesBuildPhase;
			buildActionMask = 2147483647;
			files = (
			);
			runOnlyForDeploymentPostprocessing = 0;
		};
/* End PBXSourcesBuildPhase section */

/* Begin PBXTargetDependency section */
		024D8CE32F1B0FB800004385 /* PBXTargetDependency */ = {
			isa = PBXTargetDependency;
			target = 024D8CCE2F1B0FB700004385 /* MediScribe */;
			targetProxy = 024D8CE22F1B0FB800004385 /* PBXContainerItemProxy */;
		};
		024D8CED2F1B0FB800004385 /* PBXTargetDependency */ = {
			isa = PBXTargetDependency;
			target = 024D8CCE2F1B0FB700004385 /* MediScribe */;
			targetProxy = 024D8CEC2F1B0FB800004385 /* PBXContainerItemProxy */;
		};
/* End PBXTargetDependency section */

/* Begin XCBuildConfiguration section */
		024D8CF32F1B0FB800004385 /* Debug */ = {
			isa = XCBuildConfiguration;
			buildSettings = {
				ALWAYS_SEARCH_USER_PATHS = NO;
				ASSETCATALOG_COMPILER_GENERATE_SWIFT_ASSET_SYMBOL_EXTENSIONS = YES;
				CLANG_ANALYZER_NONNULL = YES;
				CLANG_ANALYZER_NUMBER_OBJECT_CONVERSION = YES_AGGRESSIVE;
				CLANG_CXX_LANGUAGE_STANDARD = "gnu++20";
				CLANG_ENABLE_MODULES = YES;
				CLANG_ENABLE_OBJC_ARC = YES;
				CLANG_ENABLE_OBJC_WEAK = YES;
				CLANG_WARN_BLOCK_CAPTURE_AUTORELEASING = YES;
				CLANG_WARN_BOOL_CONVERSION = YES;
				CLANG_WARN_COMMA = YES;
				CLANG_WARN_CONSTANT_CONVERSION = YES;
				CLANG_WARN_DEPRECATED_OBJC_IMPLEMENTATIONS = YES;
				CLANG_WARN_DIRECT_OBJC_ISA_USAGE = YES_ERROR;
				CLANG_WARN_DOCUMENTATION_COMMENTS = YES;
				CLANG_WARN_EMPTY_BODY = YES;
				CLANG_WARN_ENUM_CONVERSION = YES;
				CLANG_WARN_INFINITE_RECURSION = YES;
				CLANG_WARN_INT_CONVERSION = YES;
				CLANG_WARN_NON_LITERAL_NULL_CONVERSION = YES;
				CLANG_WARN_OBJC_IMPLICIT_RETAIN_SELF = YES;
				CLANG_WARN_OBJC_LITERAL_CONVERSION = YES;
				CLANG_WARN_OBJC_ROOT_CLASS = YES_ERROR;
				CLANG_WARN_QUOTED_INCLUDE_IN_FRAMEWORK_HEADER = YES;
				CLANG_WARN_RANGE_LOOP_ANALYSIS = YES;
				CLANG_WARN_STRICT_PROTOTYPES = YES;
				CLANG_WARN_SUSPICIOUS_MOVE = YES;
				CLANG_WARN_UNGUARDED_AVAILABILITY = YES_AGGRESSIVE;
				CLANG_WARN_UNREACHABLE_CODE = YES;
				CLANG_WARN__DUPLICATE_METHOD_MATCH = YES;
				COPY_PHASE_STRIP = NO;
				DEBUG_INFORMATION_FORMAT = dwarf;
				DEVELOPMENT_TEAM = Z4SPGP57Q6;
				ENABLE_STRICT_OBJC_MSGSEND = YES;
				ENABLE_TESTABILITY = YES;
				ENABLE_USER_SCRIPT_SANDBOXING = YES;
				GCC_C_LANGUAGE_STANDARD = gnu17;
				GCC_DYNAMIC_NO_PIC = NO;
				GCC_NO_COMMON_BLOCKS = YES;
				GCC_OPTIMIZATION_LEVEL = 0;
				GCC_PREPROCESSOR_DEFINITIONS = (
					"DEBUG=1",
					"$(inherited)",
				);
				GCC_WARN_64_TO_32_BIT_CONVERSION = YES;
				GCC_WARN_ABOUT_RETURN_TYPE = YES_ERROR;
				GCC_WARN_UNDECLARED_SELECTOR = YES;
				GCC_WARN_UNINITIALIZED_AUTOS = YES_AGGRESSIVE;
				GCC_WARN_UNUSED_FUNCTION = YES;
				GCC_WARN_UNUSED_VARIABLE = YES;
				IPHONEOS_DEPLOYMENT_TARGET = 26.2;
				LOCALIZATION_PREFERS_STRING_CATALOGS = YES;
				MTL_ENABLE_DEBUG_INFO = INCLUDE_SOURCE;
				MTL_FAST_MATH = YES;
				ONLY_ACTIVE_ARCH = YES;
				SDKROOT = iphoneos;
				SWIFT_ACTIVE_COMPILATION_CONDITIONS = "DEBUG $(inherited)";
				SWIFT_OPTIMIZATION_LEVEL = "-Onone";
			};
			name = Debug;
		};
		024D8CF42F1B0FB800004385 /* Release */ = {
			isa = XCBuildConfiguration;
			buildSettings = {
				ALWAYS_SEARCH_USER_PATHS = NO;
				ASSETCATALOG_COMPILER_GENERATE_SWIFT_ASSET_SYMBOL_EXTENSIONS = YES;
				CLANG_ANALYZER_NONNULL = YES;
				CLANG_ANALYZER_NUMBER_OBJECT_CONVERSION = YES_AGGRESSIVE;
				CLANG_CXX_LANGUAGE_STANDARD = "gnu++20";
				CLANG_ENABLE_MODULES = YES;
				CLANG_ENABLE_OBJC_ARC = YES;
				CLANG_ENABLE_OBJC_WEAK = YES;
				CLANG_WARN_BLOCK_CAPTURE_AUTORELEASING = YES;
				CLANG_WARN_BOOL_CONVERSION = YES;
				CLANG_WARN_COMMA = YES;
				CLANG_WARN_CONSTANT_CONVERSION = YES;
				CLANG_WARN_DEPRECATED_OBJC_IMPLEMENTATIONS = YES;
				CLANG_WARN_DIRECT_OBJC_ISA_USAGE = YES_ERROR;
				CLANG_WARN_DOCUMENTATION_COMMENTS = YES;
				CLANG_WARN_EMPTY_BODY = YES;
				CLANG_WARN_ENUM_CONVERSION = YES;
				CLANG_WARN_INFINITE_RECURSION = YES;
				CLANG_WARN_INT_CONVERSION = YES;
				CLANG_WARN_NON_LITERAL_NULL_CONVERSION = YES;
				CLANG_WARN_OBJC_IMPLICIT_RETAIN_SELF = YES;
				CLANG_WARN_OBJC_LITERAL_CONVERSION = YES;
				CLANG_WARN_OBJC_ROOT_CLASS = YES_ERROR;
				CLANG_WARN_QUOTED_INCLUDE_IN_FRAMEWORK_HEADER = YES;
				CLANG_WARN_RANGE_LOOP_ANALYSIS = YES;
				CLANG_WARN_STRICT_PROTOTYPES = YES;
				CLANG_WARN_SUSPICIOUS_MOVE = YES;
				CLANG_WARN_UNGUARDED_AVAILABILITY = YES_AGGRESSIVE;
				CLANG_WARN_UNREACHABLE_CODE = YES;
				CLANG_WARN__DUPLICATE_METHOD_MATCH = YES;
				COPY_PHASE_STRIP = NO;
				DEBUG_INFORMATION_FORMAT = "dwarf-with-dsym";
				DEVELOPMENT_TEAM = Z4SPGP57Q6;
				ENABLE_NS_ASSERTIONS = NO;
				ENABLE_STRICT_OBJC_MSGSEND = YES;
				ENABLE_USER_SCRIPT_SANDBOXING = YES;
				GCC_C_LANGUAGE_STANDARD = gnu17;
				GCC_NO_COMMON_BLOCKS = YES;
				GCC_WARN_64_TO_32_BIT_CONVERSION = YES;
				GCC_WARN_ABOUT_RETURN_TYPE = YES_ERROR;
				GCC_WARN_UNDECLARED_SELECTOR = YES;
				GCC_WARN_UNINITIALIZED_AUTOS = YES_AGGRESSIVE;
				GCC_WARN_UNUSED_FUNCTION = YES;
				GCC_WARN_UNUSED_VARIABLE = YES;
				IPHONEOS_DEPLOYMENT_TARGET = 26.2;
				LOCALIZATION_PREFERS_STRING_CATALOGS = YES;
				MTL_ENABLE_DEBUG_INFO = NO;
				MTL_FAST_MATH = YES;
				SDKROOT = iphoneos;
				SWIFT_COMPILATION_MODE = wholemodule;
				VALIDATE_PRODUCT = YES;
			};
			name = Release;
		};
		024D8CF62F1B0FB800004385 /* Debug */ = {
			isa = XCBuildConfiguration;
			baseConfigurationReference = 050375340703414581755062 /* MediScribe.xcconfig */;
			buildSettings = {
				ASSETCATALOG_COMPILER_APPICON_NAME = AppIcon;
				ASSETCATALOG_COMPILER_GLOBAL_ACCENT_COLOR_NAME = AccentColor;
				CODE_SIGN_STYLE = Automatic;
				CURRENT_PROJECT_VERSION = 1;
				DEVELOPMENT_TEAM = Z4SPGP57Q6;
				ENABLE_PREVIEWS = YES;
				GENERATE_INFOPLIST_FILE = YES;
				INFOPLIST_KEY_UIApplicationSceneManifest_Generation = YES;
				INFOPLIST_KEY_UIApplicationSupportsIndirectInputEvents = YES;
				INFOPLIST_KEY_UILaunchScreen_Generation = YES;
				INFOPLIST_KEY_UISupportedInterfaceOrientations_iPad = "UIInterfaceOrientationPortrait UIInterfaceOrientationPortraitUpsideDown UIInterfaceOrientationLandscapeLeft UIInterfaceOrientationLandscapeRight";
				INFOPLIST_KEY_UISupportedInterfaceOrientations_iPhone = "UIInterfaceOrientationPortrait UIInterfaceOrientationLandscapeLeft UIInterfaceOrientationLandscapeRight";
				LD_RUNPATH_SEARCH_PATHS = (
					"$(inherited)",
					"@executable_path/Frameworks",
				);
				MARKETING_VERSION = 1.0;
				PRODUCT_BUNDLE_IDENTIFIER = randsley.MediScribe;
				PRODUCT_NAME = "$(TARGET_NAME)";
				STRING_CATALOG_GENERATE_SYMBOLS = YES;
				SWIFT_APPROACHABLE_CONCURRENCY = YES;
				SWIFT_DEFAULT_ACTOR_ISOLATION = MainActor;
				SWIFT_EMIT_LOC_STRINGS = YES;
				SWIFT_UPCOMING_FEATURE_MEMBER_IMPORT_VISIBILITY = YES;
				SWIFT_VERSION = 5.0;
				TARGETED_DEVICE_FAMILY = "1,2";
			};
			name = Debug;
		};
		024D8CF72F1B0FB800004385 /* Release */ = {
			isa = XCBuildConfiguration;
			baseConfigurationReference = 050375340703414581755062 /* MediScribe.xcconfig */;
			buildSettings = {
				ASSETCATALOG_COMPILER_APPICON_NAME = AppIcon;
				ASSETCATALOG_COMPILER_GLOBAL_ACCENT_COLOR_NAME = AccentColor;
				CODE_SIGN_STYLE = Automatic;
				CURRENT_PROJECT_VERSION = 1;
				DEVELOPMENT_TEAM = Z4SPGP57Q6;
				ENABLE_PREVIEWS = YES;
				GENERATE_INFOPLIST_FILE = YES;
				INFOPLIST_KEY_UIApplicationSceneManifest_Generation = YES;
				INFOPLIST_KEY_UIApplicationSupportsIndirectInputEvents = YES;
				INFOPLIST_KEY_UILaunchScreen_Generation = YES;
				INFOPLIST_KEY_UISupportedInterfaceOrientations_iPad = "UIInterfaceOrientationPortrait UIInterfaceOrientationPortraitUpsideDown UIInterfaceOrientationLandscapeLeft UIInterfaceOrientationLandscapeRight";
				INFOPLIST_KEY_UISupportedInterfaceOrientations_iPhone = "UIInterfaceOrientationPortrait UIInterfaceOrientationLandscapeLeft UIInterfaceOrientationLandscapeRight";
				LD_RUNPATH_SEARCH_PATHS = (
					"$(inherited)",
					"@executable_path/Frameworks",
				);
				MARKETING_VERSION = 1.0;
				PRODUCT_BUNDLE_IDENTIFIER = randsley.MediScribe;
				PRODUCT_NAME = "$(TARGET_NAME)";
				STRING_CATALOG_GENERATE_SYMBOLS = YES;
				SWIFT_APPROACHABLE_CONCURRENCY = YES;
				SWIFT_DEFAULT_ACTOR_ISOLATION = MainActor;
				SWIFT_EMIT_LOC_STRINGS = YES;
				SWIFT_UPCOMING_FEATURE_MEMBER_IMPORT_VISIBILITY = YES;
				SWIFT_VERSION = 5.0;
				TARGETED_DEVICE_FAMILY = "1,2";
			};
			name = Release;
		};
		024D8CF92F1B0FB800004385 /* Debug */ = {
			isa = XCBuildConfiguration;
			baseConfigurationReference = 050375340703414581755062 /* MediScribe.xcconfig */;
			buildSettings = {
				BUNDLE_LOADER = "$(TEST_HOST)";
				CODE_SIGN_STYLE = Automatic;
				CURRENT_PROJECT_VERSION = 1;
				DEVELOPMENT_TEAM = Z4SPGP57Q6;
				GENERATE_INFOPLIST_FILE = YES;
				IPHONEOS_DEPLOYMENT_TARGET = 26.2;
				MARKETING_VERSION = 1.0;
				PRODUCT_BUNDLE_IDENTIFIER = randsley.MediScribeTests;
				PRODUCT_NAME = "$(TARGET_NAME)";
				STRING_CATALOG_GENERATE_SYMBOLS = NO;
				SWIFT_APPROACHABLE_CONCURRENCY = YES;
				SWIFT_EMIT_LOC_STRINGS = NO;
				SWIFT_UPCOMING_FEATURE_MEMBER_IMPORT_VISIBILITY = YES;
				SWIFT_VERSION = 5.0;
				TARGETED_DEVICE_FAMILY = "1,2";
				TEST_HOST = "$(BUILT_PRODUCTS_DIR)/MediScribe.app/$(BUNDLE_EXECUTABLE_FOLDER_PATH)/MediScribe";
			};
			name = Debug;
		};
		024D8CFA2F1B0FB800004385 /* Release */ = {
			isa = XCBuildConfiguration;
			baseConfigurationReference = 050375340703414581755062 /* MediScribe.xcconfig */;
			buildSettings = {
				BUNDLE_LOADER = "$(TEST_HOST)";
				CODE_SIGN_STYLE = Automatic;
				CURRENT_PROJECT_VERSION = 1;
				DEVELOPMENT_TEAM = Z4SPGP57Q6;
				GENERATE_INFOPLIST_FILE = YES;
				IPHONEOS_DEPLOYMENT_TARGET = 26.2;
				MARKETING_VERSION = 1.0;
				PRODUCT_BUNDLE_IDENTIFIER = randsley.MediScribeTests;
				PRODUCT_NAME = "$(TARGET_NAME)";
				STRING_CATALOG_GENERATE_SYMBOLS = NO;
				SWIFT_APPROACHABLE_CONCURRENCY = YES;
				SWIFT_EMIT_LOC_STRINGS = NO;
				SWIFT_UPCOMING_FEATURE_MEMBER_IMPORT_VISIBILITY = YES;
				SWIFT_VERSION = 5.0;
				TARGETED_DEVICE_FAMILY = "1,2";
				TEST_HOST = "$(BUILT_PRODUCTS_DIR)/MediScribe.app/$(BUNDLE_EXECUTABLE_FOLDER_PATH)/MediScribe";
			};
			name = Release;
		};
		024D8CFC2F1B0FB800004385 /* Debug */ = {
			isa = XCBuildConfiguration;
			buildSettings = {
				CODE_SIGN_STYLE = Automatic;
				CURRENT_PROJECT_VERSION = 1;
				DEVELOPMENT_TEAM = Z4SPGP57Q6;
				GENERATE_INFOPLIST_FILE = YES;
				MARKETING_VERSION = 1.0;
				PRODUCT_BUNDLE_IDENTIFIER = randsley.MediScribeUITests;
				PRODUCT_NAME = "$(TARGET_NAME)";
				STRING_CATALOG_GENERATE_SYMBOLS = NO;
				SWIFT_APPROACHABLE_CONCURRENCY = YES;
				SWIFT_EMIT_LOC_STRINGS = NO;
				SWIFT_UPCOMING_FEATURE_MEMBER_IMPORT_VISIBILITY = YES;
				SWIFT_VERSION = 5.0;
				TARGETED_DEVICE_FAMILY = "1,2";
				TEST_TARGET_NAME = MediScribe;
			};
			name = Debug;
		};
		024D8CFD2F1B0FB800004385 /* Release */ = {
			isa = XCBuildConfiguration;
			buildSettings = {
				CODE_SIGN_STYLE = Automatic;
				CURRENT_PROJECT_VERSION = 1;
				DEVELOPMENT_TEAM = Z4SPGP57Q6;
				GENERATE_INFOPLIST_FILE = YES;
				MARKETING_VERSION = 1.0;
				PRODUCT_BUNDLE_IDENTIFIER = randsley.MediScribeUITests;
				PRODUCT_NAME = "$(TARGET_NAME)";
				STRING_CATALOG_GENERATE_SYMBOLS = NO;
				SWIFT_APPROACHABLE_CONCURRENCY = YES;
				SWIFT_EMIT_LOC_STRINGS = NO;
				SWIFT_UPCOMING_FEATURE_MEMBER_IMPORT_VISIBILITY = YES;
				SWIFT_VERSION = 5.0;
				TARGETED_DEVICE_FAMILY = "1,2";
				TEST_TARGET_NAME = MediScribe;
			};
			name = Release;
		};
/* End XCBuildConfiguration section */

/* Begin XCConfigurationList section */
		024D8CCA2F1B0FB700004385 /* Build configuration list for PBXProject "MediScribe" */ = {
			isa = XCConfigurationList;
			buildConfigurations = (
				024D8CF32F1B0FB800004385 /* Debug */,
				024D8CF42F1B0FB800004385 /* Release */,
			);
			defaultConfigurationIsVisible = 0;
			defaultConfigurationName = Release;
		};
		024D8CF52F1B0FB800004385 /* Build configuration list for PBXNativeTarget "MediScribe" */ = {
			isa = XCConfigurationList;
			buildConfigurations = (
				024D8CF62F1B0FB800004385 /* Debug */,
				024D8CF72F1B0FB800004385 /* Release */,
			);
			defaultConfigurationIsVisible = 0;
			defaultConfigurationName = Release;
		};
		024D8CF82F1B0FB800004385 /* Build configuration list for PBXNativeTarget "MediScribeTests" */ = {
			isa = XCConfigurationList;
			buildConfigurations = (
				024D8CF92F1B0FB800004385 /* Debug */,
				024D8CFA2F1B0FB800004385 /* Release */,
			);
			defaultConfigurationIsVisible = 0;
			defaultConfigurationName = Release;
		};
		024D8CFB2F1B0FB800004385 /* Build configuration list for PBXNativeTarget "MediScribeUITests" */ = {
			isa = XCConfigurationList;
			buildConfigurations = (
				024D8CFC2F1B0FB800004385 /* Debug */,
				024D8CFD2F1B0FB800004385 /* Release */,
			);
			defaultConfigurationIsVisible = 0;
			defaultConfigurationName = Release;
		};
/* End XCConfigurationList section */
	};
	rootObject = 024D8CC72F1B0FB700004385 /* Project object */;
}
